
Microsoft Visual Studio Solution File, Format Version 12.00
# Visual Studio Version 16
VisualStudioVersion = 16.0.31205.134
MinimumVisualStudioVersion = 10.0.40219.1
Project("{9A19103F-16F7-4668-BE54-9A1E7A4F7556}") = "SOLIDWashTunnel.Console", "Clients\SOLIDWashTunnel.Console\SOLIDWashTunnel.Console.csproj", "{A8554D1A-B82B-4EE2-A45E-16C442C9911F}"
EndProject
Project("{2150E333-8FDC-42A3-9474-1A3956D46DE8}") = "src", "src", "{E0EDA7E4-7A2F-40F8-BFA0-A70276644EEA}"
EndProject
Project("{2150E333-8FDC-42A3-9474-1A3956D46DE8}") = "tests", "tests", "{13C372CB-EE50-4DF8-83E5-11D241DB4259}"
EndProject
Project("{2150E333-8FDC-42A3-9474-1A3956D46DE8}") = "docs", "docs", "{CDB128EE-EB07-41C3-8149-03EFFF9C9ADD}"
EndProject
Project("{2150E333-8FDC-42A3-9474-1A3956D46DE8}") = "clients", "clients", "{7780E8EC-AF1B-4BA5-895B-541923A172D5}"
EndProject
Project("{9A19103F-16F7-4668-BE54-9A1E7A4F7556}") = "SOLIDWashTunnel", "src\SOLIDWashTunnel\SOLIDWashTunnel.csproj", "{5D623D0C-C278-4683-85EE-958C0E351D56}"
EndProject
Project("{9A19103F-16F7-4668-BE54-9A1E7A4F7556}") = "SOLIDWashTunnel.BuildingBlocks", "src\SOLIDWashTunnel.BuildingBlocks\SOLIDWashTunnel.BuildingBlocks.csproj", "{B1C8636B-FA45-4F07-8623-011E1396DDE8}"
EndProject
Global
	GlobalSection(SolutionConfigurationPlatforms) = preSolution
		Debug|Any CPU = Debug|Any CPU
		Release|Any CPU = Release|Any CPU
	EndGlobalSection
	GlobalSection(ProjectConfigurationPlatforms) = postSolution
		{A8554D1A-B82B-4EE2-A45E-16C442C9911F}.Debug|Any CPU.ActiveCfg = Debug|Any CPU
		{A8554D1A-B82B-4EE2-A45E-16C442C9911F}.Debug|Any CPU.Build.0 = Debug|Any CPU
		{A8554D1A-B82B-4EE2-A45E-16C442C9911F}.Release|Any CPU.ActiveCfg = Release|Any CPU
		{A8554D1A-B82B-4EE2-A45E-16C442C9911F}.Release|Any CPU.Build.0 = Release|Any CPU
		{5D623D0C-C278-4683-85EE-958C0E351D56}.Debug|Any CPU.ActiveCfg = Debug|Any CPU
		{5D623D0C-C278-4683-85EE-958C0E351D56}.Debug|Any CPU.Build.0 = Debug|Any CPU
		{5D623D0C-C278-4683-85EE-958C0E351D56}.Release|Any CPU.ActiveCfg = Release|Any CPU
		{5D623D0C-C278-4683-85EE-958C0E351D56}.Release|Any CPU.Build.0 = Release|Any CPU
		{B1C8636B-FA45-4F07-8623-011E1396DDE8}.Debug|Any CPU.ActiveCfg = Debug|Any CPU
		{B1C8636B-FA45-4F07-8623-011E1396DDE8}.Debug|Any CPU.Build.0 = Debug|Any CPU
		{B1C8636B-FA45-4F07-8623-011E1396DDE8}.Release|Any CPU.ActiveCfg = Release|Any CPU
		{B1C8636B-FA45-4F07-8623-011E1396DDE8}.Release|Any CPU.Build.0 = Release|Any CPU
	EndGlobalSection
	GlobalSection(SolutionProperties) = preSolution
		HideSolutionNode = FALSE
	EndGlobalSection
	GlobalSection(NestedProjects) = preSolution
		{A8554D1A-B82B-4EE2-A45E-16C442C9911F} = {7780E8EC-AF1B-4BA5-895B-541923A172D5}
		{5D623D0C-C278-4683-85EE-958C0E351D56} = {E0EDA7E4-7A2F-40F8-BFA0-A70276644EEA}
		{B1C8636B-FA45-4F07-8623-011E1396DDE8} = {E0EDA7E4-7A2F-40F8-BFA0-A70276644EEA}
	EndGlobalSection
	GlobalSection(ExtensibilityGlobals) = postSolution
		SolutionGuid = {D8D1C49C-419A-4B7A-A1EC-847F656A00DF}
	EndGlobalSection
EndGlobal
