Microsoft Visual Studio Solution File, Format Version 12.00
# Visual Studio Version 16
VisualStudioVersion = 16.0.31205.134
MinimumVisualStudioVersion = 10.0.40219.1
Project("{9A19103F-16F7-4668-BE54-9A1E7A4F7556}") = "SOLIDWashTunnel.ConsoleApp", "Clients\SOLIDWashTunnel.ConsoleApp\SOLIDWashTunnel.ConsoleApp.csproj", "{A8554D1A-B82B-4EE2-A45E-16C442C9911F}"
EndProject
Project("{2150E333-8FDC-42A3-9474-1A3956D46DE8}") = "src", "src", "{E0EDA7E4-7A2F-40F8-BFA0-A70276644EEA}"
EndProject
Project("{2150E333-8FDC-42A3-9474-1A3956D46DE8}") = "tests", "tests", "{13C372CB-EE50-4DF8-83E5-11D241DB4259}"
EndProject
Project("{2150E333-8FDC-42A3-9474-1A3956D46DE8}") = "docs", "docs", "{CDB128EE-EB07-41C3-8149-03EFFF9C9ADD}"
	ProjectSection(SolutionItems) = preProject
		docs\list-of-design-patterns.txt = docs\list-of-design-patterns.txt
		docs\list-of-design-principles.txt = docs\list-of-design-principles.txt
	EndProjectSection
EndProject
Project("{2150E333-8FDC-42A3-9474-1A3956D46DE8}") = "clients", "clients", "{7780E8EC-AF1B-4BA5-895B-541923A172D5}"
EndProject
Project("{9A19103F-16F7-4668-BE54-9A1E7A4F7556}") = "SOLIDWashTunnel", "src\SOLIDWashTunnel\SOLIDWashTunnel.csproj", "{5D623D0C-C278-4683-85EE-958C0E351D56}"
EndProject
Project("{9A19103F-16F7-4668-BE54-9A1E7A4F7556}") = "SOLIDWashTunnel.DI", "src\SOLIDWashTunnel.DI\SOLIDWashTunnel.DI.csproj", "{E6B2FCF2-2AA7-468A-A3E6-A7F842806E0A}"
EndProject
Project("{9A19103F-16F7-4668-BE54-9A1E7A4F7556}") = "SOLIDWashTunnel.DI.Abstractions", "src\SOLIDWashTunnel.DI.Abstractions\SOLIDWashTunnel.DI.Abstractions.csproj", "{3E9B36FD-B430-4D0A-9BC9-6991AC7F48F9}"
EndProject
Project("{9A19103F-16F7-4668-BE54-9A1E7A4F7556}") = "SOLIDWashTunnel.Legacy", "src\SOLIDWashTunnel.Legacy\SOLIDWashTunnel.Legacy.csproj", "{EBDA81A1-76EE-48EA-A8D2-B918A27F7D9D}"
EndProject
Project("{FAE04EC0-301F-11D3-BF4B-00C04F79EFBC}") = "SOLIDWashTunnel.Notifications", "clients\SOLIDWashTunnel.Notifications\SOLIDWashTunnel.Notifications.csproj", "{CD08C738-C8E9-437B-98E9-F236529D5DA6}"
EndProject
Global
	GlobalSection(SolutionConfigurationPlatforms) = preSolution
		Debug|Any CPU = Debug|Any CPU
		Release|Any CPU = Release|Any CPU
	EndGlobalSection
	GlobalSection(ProjectConfigurationPlatforms) = postSolution
		{A8554D1A-B82B-4EE2-A45E-16C442C9911F}.Debug|Any CPU.ActiveCfg = Debug|Any CPU
		{A8554D1A-B82B-4EE2-A45E-16C442C9911F}.Debug|Any CPU.Build.0 = Debug|Any CPU
		{A8554D1A-B82B-4EE2-A45E-16C442C9911F}.Release|Any CPU.ActiveCfg = Release|Any CPU
		{A8554D1A-B82B-4EE2-A45E-16C442C9911F}.Release|Any CPU.Build.0 = Release|Any CPU
		{5D623D0C-C278-4683-85EE-958C0E351D56}.Debug|Any CPU.ActiveCfg = Debug|Any CPU
		{5D623D0C-C278-4683-85EE-958C0E351D56}.Debug|Any CPU.Build.0 = Debug|Any CPU
		{5D623D0C-C278-4683-85EE-958C0E351D56}.Release|Any CPU.ActiveCfg = Release|Any CPU
		{5D623D0C-C278-4683-85EE-958C0E351D56}.Release|Any CPU.Build.0 = Release|Any CPU
		{E6B2FCF2-2AA7-468A-A3E6-A7F842806E0A}.Debug|Any CPU.ActiveCfg = Debug|Any CPU
		{E6B2FCF2-2AA7-468A-A3E6-A7F842806E0A}.Debug|Any CPU.Build.0 = Debug|Any CPU
		{E6B2FCF2-2AA7-468A-A3E6-A7F842806E0A}.Release|Any CPU.ActiveCfg = Release|Any CPU
		{E6B2FCF2-2AA7-468A-A3E6-A7F842806E0A}.Release|Any CPU.Build.0 = Release|Any CPU
		{3E9B36FD-B430-4D0A-9BC9-6991AC7F48F9}.Debug|Any CPU.ActiveCfg = Debug|Any CPU
		{3E9B36FD-B430-4D0A-9BC9-6991AC7F48F9}.Debug|Any CPU.Build.0 = Debug|Any CPU
		{3E9B36FD-B430-4D0A-9BC9-6991AC7F48F9}.Release|Any CPU.ActiveCfg = Release|Any CPU
		{3E9B36FD-B430-4D0A-9BC9-6991AC7F48F9}.Release|Any CPU.Build.0 = Release|Any CPU
		{EBDA81A1-76EE-48EA-A8D2-B918A27F7D9D}.Debug|Any CPU.ActiveCfg = Debug|Any CPU
		{EBDA81A1-76EE-48EA-A8D2-B918A27F7D9D}.Debug|Any CPU.Build.0 = Debug|Any CPU
		{EBDA81A1-76EE-48EA-A8D2-B918A27F7D9D}.Release|Any CPU.ActiveCfg = Release|Any CPU
		{EBDA81A1-76EE-48EA-A8D2-B918A27F7D9D}.Release|Any CPU.Build.0 = Release|Any CPU
		{CD08C738-C8E9-437B-98E9-F236529D5DA6}.Debug|Any CPU.ActiveCfg = Debug|Any CPU
		{CD08C738-C8E9-437B-98E9-F236529D5DA6}.Debug|Any CPU.Build.0 = Debug|Any CPU
		{CD08C738-C8E9-437B-98E9-F236529D5DA6}.Release|Any CPU.ActiveCfg = Release|Any CPU
		{CD08C738-C8E9-437B-98E9-F236529D5DA6}.Release|Any CPU.Build.0 = Release|Any CPU
	EndGlobalSection
	GlobalSection(SolutionProperties) = preSolution
		HideSolutionNode = FALSE
	EndGlobalSection
	GlobalSection(NestedProjects) = preSolution
		{A8554D1A-B82B-4EE2-A45E-16C442C9911F} = {7780E8EC-AF1B-4BA5-895B-541923A172D5}
		{5D623D0C-C278-4683-85EE-958C0E351D56} = {E0EDA7E4-7A2F-40F8-BFA0-A70276644EEA}
		{E6B2FCF2-2AA7-468A-A3E6-A7F842806E0A} = {E0EDA7E4-7A2F-40F8-BFA0-A70276644EEA}
		{3E9B36FD-B430-4D0A-9BC9-6991AC7F48F9} = {E0EDA7E4-7A2F-40F8-BFA0-A70276644EEA}
		{EBDA81A1-76EE-48EA-A8D2-B918A27F7D9D} = {E0EDA7E4-7A2F-40F8-BFA0-A70276644EEA}
		{CD08C738-C8E9-437B-98E9-F236529D5DA6} = {E0EDA7E4-7A2F-40F8-BFA0-A70276644EEA}
	EndGlobalSection
	GlobalSection(ExtensibilityGlobals) = postSolution
		SolutionGuid = {D8D1C49C-419A-4B7A-A1EC-847F656A00DF}
	EndGlobalSection
EndGlobal
